
Microsoft Visual Studio Solution File, Format Version 12.00
# Visual Studio Version 17
VisualStudioVersion = 17.13.35828.75
MinimumVisualStudioVersion = 10.0.40219.1
Project("{FAE04EC0-301F-11D3-BF4B-00C04F79EFBC}") = "Model", "Model\Model.csproj", "{8B6410BF-3290-4A24-A428-1F1709DF7B33}"
EndProject
Project("{FAE04EC0-301F-11D3-BF4B-00C04F79EFBC}") = "Service", "Service\Service.csproj", "{2C733109-EC08-425C-865C-FC0E5728BC84}"
EndProject
Project("{FAE04EC0-301F-11D3-BF4B-00C04F79EFBC}") = "View", "View\View.csproj", "{6664EB45-0E57-41FE-9506-A5EC094890ED}"
EndProject
Global
	GlobalSection(SolutionConfigurationPlatforms) = preSolution
		Debug|Any CPU = Debug|Any CPU
		Release|Any CPU = Release|Any CPU
	EndGlobalSection
	GlobalSection(ProjectConfigurationPlatforms) = postSolution
		{8B6410BF-3290-4A24-A428-1F1709DF7B33}.Debug|Any CPU.ActiveCfg = Debug|Any CPU
		{8B6410BF-3290-4A24-A428-1F1709DF7B33}.Debug|Any CPU.Build.0 = Debug|Any CPU
		{8B6410BF-3290-4A24-A428-1F1709DF7B33}.Release|Any CPU.ActiveCfg = Release|Any CPU
		{8B6410BF-3290-4A24-A428-1F1709DF7B33}.Release|Any CPU.Build.0 = Release|Any CPU
		{2C733109-EC08-425C-865C-FC0E5728BC84}.Debug|Any CPU.ActiveCfg = Debug|Any CPU
		{2C733109-EC08-425C-865C-FC0E5728BC84}.Debug|Any CPU.Build.0 = Debug|Any CPU
		{2C733109-EC08-425C-865C-FC0E5728BC84}.Release|Any CPU.ActiveCfg = Release|Any CPU
		{2C733109-EC08-425C-865C-FC0E5728BC84}.Release|Any CPU.Build.0 = Release|Any CPU
		{6664EB45-0E57-41FE-9506-A5EC094890ED}.Debug|Any CPU.ActiveCfg = Debug|Any CPU
		{6664EB45-0E57-41FE-9506-A5EC094890ED}.Debug|Any CPU.Build.0 = Debug|Any CPU
		{6664EB45-0E57-41FE-9506-A5EC094890ED}.Release|Any CPU.ActiveCfg = Release|Any CPU
		{6664EB45-0E57-41FE-9506-A5EC094890ED}.Release|Any CPU.Build.0 = Release|Any CPU
	EndGlobalSection
	GlobalSection(SolutionProperties) = preSolution
		HideSolutionNode = FALSE
	EndGlobalSection
	GlobalSection(ExtensibilityGlobals) = postSolution
		SolutionGuid = {F522867A-006B-45A1-B414-B26A7542C6D0}
	EndGlobalSection
EndGlobal
